{
  "requires": true,
  "lockfileVersion": 1,
  "dependencies": {
    "tachyons-background-position": {
      "version": "1.0.3",
      "resolved": "https://registry.npmjs.org/tachyons-background-position/-/tachyons-background-position-1.0.3.tgz",
      "integrity": "sha1-3KO7YYHzqk/qsrgdzGSwVR8lNwY="
    },
    "tachyons-background-size": {
      "version": "5.0.5",
      "resolved": "https://registry.npmjs.org/tachyons-background-size/-/tachyons-background-size-5.0.5.tgz",
      "integrity": "sha1-RF++AIElMI6+dQJiZJ4/P3yd5W8="
    },
    "tachyons-border-colors": {
      "version": "4.2.3",
      "resolved": "https://registry.npmjs.org/tachyons-border-colors/-/tachyons-border-colors-4.2.3.tgz",
      "integrity": "sha1-1jTR8KfzmmEvm0+SBT6YqiEvS/Y="
    },
    "tachyons-border-radius": {
      "version": "5.1.3",
      "resolved": "https://registry.npmjs.org/tachyons-border-radius/-/tachyons-border-radius-5.1.3.tgz",
      "integrity": "sha1-tGd6bIlRq4uno9bnl6bIltt08fc="
    },
    "tachyons-borders": {
      "version": "3.0.4",
      "resolved": "https://registry.npmjs.org/tachyons-borders/-/tachyons-borders-3.0.4.tgz",
      "integrity": "sha1-TVLBmtO8t4F6XBB4ouud+ws9xA8="
    },
    "tachyons-clears": {
      "version": "3.0.4",
      "resolved": "https://registry.npmjs.org/tachyons-clears/-/tachyons-clears-3.0.4.tgz",
      "integrity": "sha1-hGS/oDlPutLmq5f634vH7L4utpU="
    },
    "tachyons-display": {
      "version": "5.0.5",
      "resolved": "https://registry.npmjs.org/tachyons-display/-/tachyons-display-5.0.5.tgz",
      "integrity": "sha512-yC9kkisV2ot2Lmjkx14B1SuiXZNM0jFG6U4xkV/PIeipneHSO2dW4vktwYx4bVAZok07k/pvUZgWZyUvmWPblQ=="
    },
    "tachyons-flexbox": {
      "version": "2.1.1",
      "resolved": "https://registry.npmjs.org/tachyons-flexbox/-/tachyons-flexbox-2.1.1.tgz",
      "integrity": "sha512-5tvE0bLgpz6ku2h4O43Q+ZYP6sVmjBejmVGJY6EcP9o6mQqGlYmwn9eEroQvh2tygBh08SRHez3HB/gLLjql9A=="
    },
    "tachyons-floats": {
      "version": "3.0.5",
      "resolved": "https://registry.npmjs.org/tachyons-floats/-/tachyons-floats-3.0.5.tgz",
      "integrity": "sha512-RfFEMfnXAojK/0p3y+vPITecmEPgnHzRJcHZJJ74M1tbbkg8rsjz+GuMsrCM4/X4G+RRo7043QDGYjjZp1clGw=="
    },
    "tachyons-font-weight": {
      "version": "5.0.5",
      "resolved": "https://registry.npmjs.org/tachyons-font-weight/-/tachyons-font-weight-5.0.5.tgz",
      "integrity": "sha512-aIDxZcqAzhofg9vtP3naVjdvRrl6spVT/mFO0NQz03vzffv3wXYiBu5sZyWZxIxuLrybNJUTE4iuIeEyzrVrwQ=="
    },
    "tachyons-heights": {
      "version": "6.1.4",
      "resolved": "https://registry.npmjs.org/tachyons-heights/-/tachyons-heights-6.1.4.tgz",
      "integrity": "sha512-MSzpUT4HWZ7dzEYkeInnAoycl0JBGcCaR5SX3QcMbmx/7+xBfFo7kakGrxLwBswVsTWBLXdmLSwDCWrCpw53pw=="
    },
    "tachyons-hovers": {
      "version": "2.5.2",
      "resolved": "https://registry.npmjs.org/tachyons-hovers/-/tachyons-hovers-2.5.2.tgz",
      "integrity": "sha512-Z1NYAodQ0cIpVWwSh7hIaEUzkUZvJyx/rZS9juLcIWv7MxC5pYjjEqbhKm0zokynaR2hu8Li6yWDKfjEqCkxCA=="
    },
    "tachyons-letter-spacing": {
      "version": "3.0.5",
      "resolved": "https://registry.npmjs.org/tachyons-letter-spacing/-/tachyons-letter-spacing-3.0.5.tgz",
      "integrity": "sha512-/3/5NOGPEgUhsStqSyT66b9+K8TraQslHVXLo8Lez3S85oGulZJd9qwNSxy2QUP+YvLyI7cL5kKeC716Z/atxw=="
    },
    "tachyons-links": {
      "version": "3.0.11",
      "resolved": "https://registry.npmjs.org/tachyons-links/-/tachyons-links-3.0.11.tgz",
      "integrity": "sha512-eRGnEVYwTXfecdAb/Z3LuwJg9KcUgmzcgzpqEECQU/iSHBRVUCZUw/Mor3F7fqTx+FtS0e8SXeEndVXMbd6qdg=="
    },
    "tachyons-skins": {
      "version": "4.1.1",
      "resolved": "https://registry.npmjs.org/tachyons-skins/-/tachyons-skins-4.1.1.tgz",
      "integrity": "sha512-eo8qqF1zprSdNzmlQZtK9oHJcpmitcCm2+RD0CJJBUT2f4qlk7sbXqOT1+Nqb8WVS+4h/FTiRI6f7zcKxQkKwA=="
    },
    "tachyons-skins-pseudo": {
      "version": "1.0.5",
      "resolved": "https://registry.npmjs.org/tachyons-skins-pseudo/-/tachyons-skins-pseudo-1.0.5.tgz",
      "integrity": "sha512-bNhOsomTvBov7WoPd0D5wpB0BlAn/sjUwFz5wuIPia8KljQkWOFiqSRmW2KeEJBRkujAT8Iz0gnFE/DccPk78Q=="
    },
    "tachyons-spacing": {
      "version": "6.0.5",
      "resolved": "https://registry.npmjs.org/tachyons-spacing/-/tachyons-spacing-6.0.5.tgz",
      "integrity": "sha512-910+iaZiWrNYO8r8rbiDhG2smH/ZNMNaBX03DGVft4iToaBuC8BlDGIr4um9rK9gD+DcK361Co9X8CWWoJWBxw=="
    },
    "tachyons-text-align": {
      "version": "3.1.0",
      "resolved": "https://registry.npmjs.org/tachyons-text-align/-/tachyons-text-align-3.1.0.tgz",
      "integrity": "sha512-WROqSIsUMPKZM6oeiAmcndvQjUWO+tqMiHLe9KNAci65QVgfMn7tlJXVcwqjCF8wEWs07CKIjxIL2y1uCgnhqg=="
    },
    "tachyons-text-decoration": {
      "version": "4.0.6",
      "resolved": "https://registry.npmjs.org/tachyons-text-decoration/-/tachyons-text-decoration-4.0.6.tgz",
      "integrity": "sha512-Iv+Vwv2XXvHjPOEHjBLKykrRznhw6uswENwWt+3rqwN7nPhw1tbCHk18X6LGgqIAlDYCQkwD+juCufQBrXSqhA=="
    },
    "tachyons-text-transform": {
      "version": "4.0.6",
      "resolved": "https://registry.npmjs.org/tachyons-text-transform/-/tachyons-text-transform-4.0.6.tgz",
      "integrity": "sha512-+UWTZLWg11wTxsUerEKnQFlEHIZYdAhzGA0dYxv+CbJDMNi1UuFS7o76rB6II0fLnjWzCaxrHJkNpsytdXenpA=="
    },
    "tachyons-type-scale": {
      "version": "6.1.1",
      "resolved": "https://registry.npmjs.org/tachyons-type-scale/-/tachyons-type-scale-6.1.1.tgz",
      "integrity": "sha512-tPjY267xJKJjcWNURcxMoefapHg/eUTkHlwkLoYgJPSRMYf5+w/1mX0kGRALfoAJGRPNkjRT2cy7lxy90LIQYA=="
    },
    "tachyons-widths": {
      "version": "5.2.1",
      "resolved": "https://registry.npmjs.org/tachyons-widths/-/tachyons-widths-5.2.1.tgz",
      "integrity": "sha512-LrqK5D8pH1K5JPrv1ld2o+oybDzvhq4dIEW43u3RpyPYg2PizUnxdKWm+QREsOWDDGgwwOMi094P6y5yoBSDNw=="
    }
  }
}
